
Microsoft Visual Studio Solution File, Format Version 12.00
# Visual Studio 15
VisualStudioVersion = 15.0.28307.1082
MinimumVisualStudioVersion = 10.0.40219.1
Project("{888888A0-9F3D-457C-B088-3A5042F75D52}") = "Darklands", "Darklands.pyproj", "{62CDBDC7-FCCF-43AE-B55A-551C7A64F98C}"
EndProject
Global
	GlobalSection(SolutionConfigurationPlatforms) = preSolution
		Debug|Any CPU = Debug|Any CPU
		Release|Any CPU = Release|Any CPU
	EndGlobalSection
	GlobalSection(ProjectConfigurationPlatforms) = postSolution
		{62CDBDC7-FCCF-43AE-B55A-551C7A64F98C}.Debug|Any CPU.ActiveCfg = Debug|Any CPU
		{62CDBDC7-FCCF-43AE-B55A-551C7A64F98C}.Release|Any CPU.ActiveCfg = Release|Any CPU
	EndGlobalSection
	GlobalSection(SolutionProperties) = preSolution
		HideSolutionNode = FALSE
	EndGlobalSection
	GlobalSection(ExtensibilityGlobals) = postSolution
		SolutionGuid = {5BF40690-1825-4F16-BAF2-4614B606C634}
	EndGlobalSection
EndGlobal
